# THIS IS AN AUTOGENERATED FILE. DO NOT EDIT THIS FILE DIRECTLY.
# yarn lockfile v1


jquery@^3.5.1:
  version "3.5.1"
  resolved "https://registry.yarnpkg.com/jquery/-/jquery-3.5.1.tgz#d7b4d08e1bfdb86ad2f1a3d039ea17304717abb5"
  integrity sha512-XwIBPqcMn57FxfT+Go5pzySnm4KWkT1Tv7gjrpT1srtf8Weynl6R273VJ5GjkRb51IzMp5nbaPjJXMWeju2MKg==

sweetalert2@^9.14.0:
  version "9.14.0"
  resolved "https://registry.yarnpkg.com/sweetalert2/-/sweetalert2-9.14.0.tgz#2ae59c417745ae9360e47d7745a39be3ecbee1a2"
  integrity sha512-NXxaR5ZsT9JQ+pEH0lQPa6fzFr7Uqx2VNI3dcPBShwTngQkVLXzEJYB0XjWAx/oBLAIPyHlc/tc3bkojJ2HYzg==
